
Microsoft Visual Studio Solution File, Format Version 12.00
# Visual Studio Version 17
VisualStudioVersion = 17.10.35122.118
MinimumVisualStudioVersion = 10.0.40219.1
Project("{9A19103F-16F7-4668-BE54-9A1E7A4F7556}") = "Tarea 02_c", "Tarea 02_c\Tarea 02_c.csproj", "{A78547C7-73F5-4B56-892E-C39F0D3A3AFE}"
EndProject
Project("{FAE04EC0-301F-11D3-BF4B-00C04F79EFBC}") = "Consigna2", "Consigna2\Consigna2.csproj", "{2C8C1358-8691-4633-915D-4C1CAFD47763}"
EndProject
Global
	GlobalSection(SolutionConfigurationPlatforms) = preSolution
		Debug|Any CPU = Debug|Any CPU
		Release|Any CPU = Release|Any CPU
	EndGlobalSection
	GlobalSection(ProjectConfigurationPlatforms) = postSolution
		{A78547C7-73F5-4B56-892E-C39F0D3A3AFE}.Debug|Any CPU.ActiveCfg = Debug|Any CPU
		{A78547C7-73F5-4B56-892E-C39F0D3A3AFE}.Debug|Any CPU.Build.0 = Debug|Any CPU
		{A78547C7-73F5-4B56-892E-C39F0D3A3AFE}.Release|Any CPU.ActiveCfg = Release|Any CPU
		{A78547C7-73F5-4B56-892E-C39F0D3A3AFE}.Release|Any CPU.Build.0 = Release|Any CPU
		{2C8C1358-8691-4633-915D-4C1CAFD47763}.Debug|Any CPU.ActiveCfg = Debug|Any CPU
		{2C8C1358-8691-4633-915D-4C1CAFD47763}.Debug|Any CPU.Build.0 = Debug|Any CPU
		{2C8C1358-8691-4633-915D-4C1CAFD47763}.Release|Any CPU.ActiveCfg = Release|Any CPU
		{2C8C1358-8691-4633-915D-4C1CAFD47763}.Release|Any CPU.Build.0 = Release|Any CPU
	EndGlobalSection
	GlobalSection(SolutionProperties) = preSolution
		HideSolutionNode = FALSE
	EndGlobalSection
	GlobalSection(ExtensibilityGlobals) = postSolution
		SolutionGuid = {1297A751-D5D2-4536-BE8A-61019BAD2A56}
	EndGlobalSection
EndGlobal
