
Microsoft Visual Studio Solution File, Format Version 12.00
# Visual Studio Version 17
VisualStudioVersion = 17.10.35122.118
MinimumVisualStudioVersion = 10.0.40219.1
Project("{FAE04EC0-301F-11D3-BF4B-00C04F79EFBC}") = "Consigna1A", "Consigna1A\Consigna1A.csproj", "{9DE6EA45-4C46-4A64-A264-8DB190609440}"
EndProject
Project("{FAE04EC0-301F-11D3-BF4B-00C04F79EFBC}") = "Consigna1B", "Consigna1B\Consigna1B\Consigna1B.csproj", "{4AE30027-3A3C-4C23-8561-3D3C733B665B}"
EndProject
Project("{FAE04EC0-301F-11D3-BF4B-00C04F79EFBC}") = "Consigna1B.Client", "Consigna1B\Consigna1B.Client\Consigna1B.Client.csproj", "{F9CF65AC-9B02-48BD-BEBD-F6F41F4AB83D}"
EndProject
Global
	GlobalSection(SolutionConfigurationPlatforms) = preSolution
		Debug|Any CPU = Debug|Any CPU
		Release|Any CPU = Release|Any CPU
	EndGlobalSection
	GlobalSection(ProjectConfigurationPlatforms) = postSolution
		{9DE6EA45-4C46-4A64-A264-8DB190609440}.Debug|Any CPU.ActiveCfg = Debug|Any CPU
		{9DE6EA45-4C46-4A64-A264-8DB190609440}.Debug|Any CPU.Build.0 = Debug|Any CPU
		{9DE6EA45-4C46-4A64-A264-8DB190609440}.Release|Any CPU.ActiveCfg = Release|Any CPU
		{9DE6EA45-4C46-4A64-A264-8DB190609440}.Release|Any CPU.Build.0 = Release|Any CPU
		{4AE30027-3A3C-4C23-8561-3D3C733B665B}.Debug|Any CPU.ActiveCfg = Debug|Any CPU
		{4AE30027-3A3C-4C23-8561-3D3C733B665B}.Debug|Any CPU.Build.0 = Debug|Any CPU
		{4AE30027-3A3C-4C23-8561-3D3C733B665B}.Release|Any CPU.ActiveCfg = Release|Any CPU
		{4AE30027-3A3C-4C23-8561-3D3C733B665B}.Release|Any CPU.Build.0 = Release|Any CPU
		{F9CF65AC-9B02-48BD-BEBD-F6F41F4AB83D}.Debug|Any CPU.ActiveCfg = Debug|Any CPU
		{F9CF65AC-9B02-48BD-BEBD-F6F41F4AB83D}.Debug|Any CPU.Build.0 = Debug|Any CPU
		{F9CF65AC-9B02-48BD-BEBD-F6F41F4AB83D}.Release|Any CPU.ActiveCfg = Release|Any CPU
		{F9CF65AC-9B02-48BD-BEBD-F6F41F4AB83D}.Release|Any CPU.Build.0 = Release|Any CPU
	EndGlobalSection
	GlobalSection(SolutionProperties) = preSolution
		HideSolutionNode = FALSE
	EndGlobalSection
	GlobalSection(ExtensibilityGlobals) = postSolution
		SolutionGuid = {20C7F284-FE9B-4467-BE52-35ADEACAEA90}
	EndGlobalSection
EndGlobal
